// !$*UTF8*$!
{
	archiveVersion = 1;
	classes = {
	};
	objectVersion = 55;
	objects = {

/* Begin PBXBuildFile section */
		5913FFC7C6527508258D8385 /* Pods_SlideMenuTest.framework in Frameworks */ = {isa = PBXBuildFile; fileRef = 8E3E8E50477B290A6B8C80BA /* Pods_SlideMenuTest.framework */; };
		7F212267274E58E2000CA762 /* AppDelegate.swift in Sources */ = {isa = PBXBuildFile; fileRef = 7F212266274E58E2000CA762 /* AppDelegate.swift */; };
		7F212269274E58E2000CA762 /* SceneDelegate.swift in Sources */ = {isa = PBXBuildFile; fileRef = 7F212268274E58E2000CA762 /* SceneDelegate.swift */; };
		7F21226B274E58E2000CA762 /* ViewController.swift in Sources */ = {isa = PBXBuildFile; fileRef = 7F21226A274E58E2000CA762 /* ViewController.swift */; };
		7F21226E274E58E2000CA762 /* Main.storyboard in Resources */ = {isa = PBXBuildFile; fileRef = 7F21226C274E58E2000CA762 /* Main.storyboard */; };
		7F212270274E58E5000CA762 /* Assets.xcassets in Resources */ = {isa = PBXBuildFile; fileRef = 7F21226F274E58E5000CA762 /* Assets.xcassets */; };
		7F212273274E58E5000CA762 /* LaunchScreen.storyboard in Resources */ = {isa = PBXBuildFile; fileRef = 7F212271274E58E5000CA762 /* LaunchScreen.storyboard */; };
		7F2991EA274E8A0600C7ADBE /* RootViewController.swift in Sources */ = {isa = PBXBuildFile; fileRef = 7F2991E9274E8A0600C7ADBE /* RootViewController.swift */; };
/* End PBXBuildFile section */

/* Begin PBXFileReference section */
		7F212263274E58E2000CA762 /* SlideMenuTest.app */ = {isa = PBXFileReference; explicitFileType = wrapper.application; includeInIndex = 0; path = SlideMenuTest.app; sourceTree = BUILT_PRODUCTS_DIR; };
		7F212266274E58E2000CA762 /* AppDelegate.swift */ = {isa = PBXFileReference; lastKnownFileType = sourcecode.swift; path = AppDelegate.swift; sourceTree = "<group>"; };
		7F212268274E58E2000CA762 /* SceneDelegate.swift */ = {isa = PBXFileReference; lastKnownFileType = sourcecode.swift; path = SceneDelegate.swift; sourceTree = "<group>"; };
		7F21226A274E58E2000CA762 /* ViewController.swift */ = {isa = PBXFileReference; lastKnownFileType = sourcecode.swift; path = ViewController.swift; sourceTree = "<group>"; };
		7F21226D274E58E2000CA762 /* Base */ = {isa = PBXFileReference; lastKnownFileType = file.storyboard; name = Base; path = Base.lproj/Main.storyboard; sourceTree = "<group>"; };
		7F21226F274E58E5000CA762 /* Assets.xcassets */ = {isa = PBXFileReference; lastKnownFileType = folder.assetcatalog; path = Assets.xcassets; sourceTree = "<group>"; };
		7F212272274E58E5000CA762 /* Base */ = {isa = PBXFileReference; lastKnownFileType = file.storyboard; name = Base; path = Base.lproj/LaunchScreen.storyboard; sourceTree = "<group>"; };
		7F212274274E58E5000CA762 /* Info.plist */ = {isa = PBXFileReference; lastKnownFileType = text.plist.xml; path = Info.plist; sourceTree = "<group>"; };
		7F2991E9274E8A0600C7ADBE /* RootViewController.swift */ = {isa = PBXFileReference; lastKnownFileType = sourcecode.swift; path = RootViewController.swift; sourceTree = "<group>"; };
		8E3E8E50477B290A6B8C80BA /* Pods_SlideMenuTest.framework */ = {isa = PBXFileReference; explicitFileType = wrapper.framework; includeInIndex = 0; path = Pods_SlideMenuTest.framework; sourceTree = BUILT_PRODUCTS_DIR; };
		BA3487DA533E42BA36EACE6A /* Pods-SlideMenuTest.release.xcconfig */ = {isa = PBXFileReference; includeInIndex = 1; lastKnownFileType = text.xcconfig; name = "Pods-SlideMenuTest.release.xcconfig"; path = "Target Support Files/Pods-SlideMenuTest/Pods-SlideMenuTest.release.xcconfig"; sourceTree = "<group>"; };
		E6660BBD4CD1FC75EF29DA22 /* Pods-SlideMenuTest.debug.xcconfig */ = {isa = PBXFileReference; includeInIndex = 1; lastKnownFileType = text.xcconfig; name = "Pods-SlideMenuTest.debug.xcconfig"; path = "Target Support Files/Pods-SlideMenuTest/Pods-SlideMenuTest.debug.xcconfig"; sourceTree = "<group>"; };
/* End PBXFileReference section */

/* Begin PBXFrameworksBuildPhase section */
		7F212260274E58E2000CA762 /* Frameworks */ = {
			isa = PBXFrameworksBuildPhase;
			buildActionMask = 2147483647;
			files = (
				5913FFC7C6527508258D8385 /* Pods_SlideMenuTest.framework in Frameworks */,
			);
			runOnlyForDeploymentPostprocessing = 0;
		};
/* End PBXFrameworksBuildPhase section */

/* Begin PBXGroup section */
		7F21225A274E58E2000CA762 = {
			isa = PBXGroup;
			children = (
				7F212265274E58E2000CA762 /* SlideMenuTest */,
				7F212264274E58E2000CA762 /* Products */,
				A234BAB7D4F230522F08CED4 /* Pods */,
				86D359C138FF2F0E08A7A362 /* Frameworks */,
			);
			sourceTree = "<group>";
		};
		7F212264274E58E2000CA762 /* Products */ = {
			isa = PBXGroup;
			children = (
				7F212263274E58E2000CA762 /* SlideMenuTest.app */,
			);
			name = Products;
			sourceTree = "<group>";
		};
		7F212265274E58E2000CA762 /* SlideMenuTest */ = {
			isa = PBXGroup;
			children = (
				7F212266274E58E2000CA762 /* AppDelegate.swift */,
				7F212268274E58E2000CA762 /* SceneDelegate.swift */,
				7F21226A274E58E2000CA762 /* ViewController.swift */,
				7F21226C274E58E2000CA762 /* Main.storyboard */,
				7F21226F274E58E5000CA762 /* Assets.xcassets */,
				7F212271274E58E5000CA762 /* LaunchScreen.storyboard */,
				7F212274274E58E5000CA762 /* Info.plist */,
				7F2991E9274E8A0600C7ADBE /* RootViewController.swift */,
			);
			path = SlideMenuTest;
			sourceTree = "<group>";
		};
		86D359C138FF2F0E08A7A362 /* Frameworks */ = {
			isa = PBXGroup;
			children = (
				8E3E8E50477B290A6B8C80BA /* Pods_SlideMenuTest.framework */,
			);
			name = Frameworks;
			sourceTree = "<group>";
		};
		A234BAB7D4F230522F08CED4 /* Pods */ = {
			isa = PBXGroup;
			children = (
				E6660BBD4CD1FC75EF29DA22 /* Pods-SlideMenuTest.debug.xcconfig */,
				BA3487DA533E42BA36EACE6A /* Pods-SlideMenuTest.release.xcconfig */,
			);
			path = Pods;
			sourceTree = "<group>";
		};
/* End PBXGroup section */

/* Begin PBXNativeTarget section */
		7F212262274E58E2000CA762 /* SlideMenuTest */ = {
			isa = PBXNativeTarget;
			buildConfigurationList = 7F212277274E58E5000CA762 /* Build configuration list for PBXNativeTarget "SlideMenuTest" */;
			buildPhases = (
				791EE05124D2D9712396B4ED /* [CP] Check Pods Manifest.lock */,
				7F21225F274E58E2000CA762 /* Sources */,
				7F212260274E58E2000CA762 /* Frameworks */,
				7F212261274E58E2000CA762 /* Resources */,
				2219C8DEE18020419BF9AFA3 /* [CP] Embed Pods Frameworks */,
			);
			buildRules = (
			);
			dependencies = (
			);
			name = SlideMenuTest;
			productName = SlideMenuTest;
			productReference = 7F212263274E58E2000CA762 /* SlideMenuTest.app */;
			productType = "com.apple.product-type.application";
		};
/* End PBXNativeTarget section */

/* Begin PBXProject section */
		7F21225B274E58E2000CA762 /* Project object */ = {
			isa = PBXProject;
			attributes = {
				BuildIndependentTargetsInParallel = 1;
				LastSwiftUpdateCheck = 1300;
				LastUpgradeCheck = 1300;
				TargetAttributes = {
					7F212262274E58E2000CA762 = {
						CreatedOnToolsVersion = 13.0;
					};
				};
			};
			buildConfigurationList = 7F21225E274E58E2000CA762 /* Build configuration list for PBXProject "SlideMenuTest" */;
			compatibilityVersion = "Xcode 13.0";
			developmentRegion = en;
			hasScannedForEncodings = 0;
			knownRegions = (
				en,
				Base,
			);
			mainGroup = 7F21225A274E58E2000CA762;
			productRefGroup = 7F212264274E58E2000CA762 /* Products */;
			projectDirPath = "";
			projectRoot = "";
			targets = (
				7F212262274E58E2000CA762 /* SlideMenuTest */,
			);
		};
/* End PBXProject section */

/* Begin PBXResourcesBuildPhase section */
		7F212261274E58E2000CA762 /* Resources */ = {
			isa = PBXResourcesBuildPhase;
			buildActionMask = 2147483647;
			files = (
				7F212273274E58E5000CA762 /* LaunchScreen.storyboard in Resources */,
				7F212270274E58E5000CA762 /* Assets.xcassets in Resources */,
				7F21226E274E58E2000CA762 /* Main.storyboard in Resources */,
			);
			runOnlyForDeploymentPostprocessing = 0;
		};
/* End PBXResourcesBuildPhase section */

/* Begin PBXShellScriptBuildPhase section */
		2219C8DEE18020419BF9AFA3 /* [CP] Embed Pods Frameworks */ = {
			isa = PBXShellScriptBuildPhase;
			buildActionMask = 2147483647;
			files = (
			);
			inputFileListPaths = (
				"${PODS_ROOT}/Target Support Files/Pods-SlideMenuTest/Pods-SlideMenuTest-frameworks-${CONFIGURATION}-input-files.xcfilelist",
			);
			name = "[CP] Embed Pods Frameworks";
			outputFileListPaths = (
				"${PODS_ROOT}/Target Support Files/Pods-SlideMenuTest/Pods-SlideMenuTest-frameworks-${CONFIGURATION}-output-files.xcfilelist",
			);
			runOnlyForDeploymentPostprocessing = 0;
			shellPath = /bin/sh;
			shellScript = "\"${PODS_ROOT}/Target Support Files/Pods-SlideMenuTest/Pods-SlideMenuTest-frameworks.sh\"\n";
			showEnvVarsInLog = 0;
		};
		791EE05124D2D9712396B4ED /* [CP] Check Pods Manifest.lock */ = {
			isa = PBXShellScriptBuildPhase;
			buildActionMask = 2147483647;
			files = (
			);
			inputFileListPaths = (
			);
			inputPaths = (
				"${PODS_PODFILE_DIR_PATH}/Podfile.lock",
				"${PODS_ROOT}/Manifest.lock",
			);
			name = "[CP] Check Pods Manifest.lock";
			outputFileListPaths = (
			);
			outputPaths = (
				"$(DERIVED_FILE_DIR)/Pods-SlideMenuTest-checkManifestLockResult.txt",
			);
			runOnlyForDeploymentPostprocessing = 0;
			shellPath = /bin/sh;
			shellScript = "diff \"${PODS_PODFILE_DIR_PATH}/Podfile.lock\" \"${PODS_ROOT}/Manifest.lock\" > /dev/null\nif [ $? != 0 ] ; then\n    # print error to STDERR\n    echo \"error: The sandbox is not in sync with the Podfile.lock. Run 'pod install' or update your CocoaPods installation.\" >&2\n    exit 1\nfi\n# This output is used by Xcode 'outputs' to avoid re-running this script phase.\necho \"SUCCESS\" > \"${SCRIPT_OUTPUT_FILE_0}\"\n";
			showEnvVarsInLog = 0;
		};
/* End PBXShellScriptBuildPhase section */

/* Begin PBXSourcesBuildPhase section */
		7F21225F274E58E2000CA762 /* Sources */ = {
			isa = PBXSourcesBuildPhase;
			buildActionMask = 2147483647;
			files = (
				7F21226B274E58E2000CA762 /* ViewController.swift in Sources */,
				7F212267274E58E2000CA762 /* AppDelegate.swift in Sources */,
				7F2991EA274E8A0600C7ADBE /* RootViewController.swift in Sources */,
				7F212269274E58E2000CA762 /* SceneDelegate.swift in Sources */,
			);
			runOnlyForDeploymentPostprocessing = 0;
		};
/* End PBXSourcesBuildPhase section */

/* Begin PBXVariantGroup section */
		7F21226C274E58E2000CA762 /* Main.storyboard */ = {
			isa = PBXVariantGroup;
			children = (
				7F21226D274E58E2000CA762 /* Base */,
			);
			name = Main.storyboard;
			sourceTree = "<group>";
		};
		7F212271274E58E5000CA762 /* LaunchScreen.storyboard */ = {
			isa = PBXVariantGroup;
			children = (
				7F212272274E58E5000CA762 /* Base */,
			);
			name = LaunchScreen.storyboard;
			sourceTree = "<group>";
		};
/* End PBXVariantGroup section */

/* Begin XCBuildConfiguration section */
		7F212275274E58E5000CA762 /* Debug */ = {
			isa = XCBuildConfiguration;
			buildSettings = {
				ALWAYS_SEARCH_USER_PATHS = NO;
				CLANG_ANALYZER_NONNULL = YES;
				CLANG_ANALYZER_NUMBER_OBJECT_CONVERSION = YES_AGGRESSIVE;
				CLANG_CXX_LANGUAGE_STANDARD = "gnu++17";
				CLANG_CXX_LIBRARY = "libc++";
				CLANG_ENABLE_MODULES = YES;
				CLANG_ENABLE_OBJC_ARC = YES;
				CLANG_ENABLE_OBJC_WEAK = YES;
				CLANG_WARN_BLOCK_CAPTURE_AUTORELEASING = YES;
				CLANG_WARN_BOOL_CONVERSION = YES;
				CLANG_WARN_COMMA = YES;
				CLANG_WARN_CONSTANT_CONVERSION = YES;
				CLANG_WARN_DEPRECATED_OBJC_IMPLEMENTATIONS = YES;
				CLANG_WARN_DIRECT_OBJC_ISA_USAGE = YES_ERROR;
				CLANG_WARN_DOCUMENTATION_COMMENTS = YES;
				CLANG_WARN_EMPTY_BODY = YES;
				CLANG_WARN_ENUM_CONVERSION = YES;
				CLANG_WARN_INFINITE_RECURSION = YES;
				CLANG_WARN_INT_CONVERSION = YES;
				CLANG_WARN_NON_LITERAL_NULL_CONVERSION = YES;
				CLANG_WARN_OBJC_IMPLICIT_RETAIN_SELF = YES;
				CLANG_WARN_OBJC_LITERAL_CONVERSION = YES;
				CLANG_WARN_OBJC_ROOT_CLASS = YES_ERROR;
				CLANG_WARN_QUOTED_INCLUDE_IN_FRAMEWORK_HEADER = YES;
				CLANG_WARN_RANGE_LOOP_ANALYSIS = YES;
				CLANG_WARN_STRICT_PROTOTYPES = YES;
				CLANG_WARN_SUSPICIOUS_MOVE = YES;
				CLANG_WARN_UNGUARDED_AVAILABILITY = YES_AGGRESSIVE;
				CLANG_WARN_UNREACHABLE_CODE = YES;
				CLANG_WARN__DUPLICATE_METHOD_MATCH = YES;
				COPY_PHASE_STRIP = NO;
				DEBUG_INFORMATION_FORMAT = dwarf;
				ENABLE_STRICT_OBJC_MSGSEND = YES;
				ENABLE_TESTABILITY = YES;
				GCC_C_LANGUAGE_STANDARD = gnu11;
				GCC_DYNAMIC_NO_PIC = NO;
				GCC_NO_COMMON_BLOCKS = YES;
				GCC_OPTIMIZATION_LEVEL = 0;
				GCC_PREPROCESSOR_DEFINITIONS = (
					"DEBUG=1",
					"$(inherited)",
				);
				GCC_WARN_64_TO_32_BIT_CONVERSION = YES;
				GCC_WARN_ABOUT_RETURN_TYPE = YES_ERROR;
				GCC_WARN_UNDECLARED_SELECTOR = YES;
				GCC_WARN_UNINITIALIZED_AUTOS = YES_AGGRESSIVE;
				GCC_WARN_UNUSED_FUNCTION = YES;
				GCC_WARN_UNUSED_VARIABLE = YES;
				IPHONEOS_DEPLOYMENT_TARGET = 15.0;
				MTL_ENABLE_DEBUG_INFO = INCLUDE_SOURCE;
				MTL_FAST_MATH = YES;
				ONLY_ACTIVE_ARCH = YES;
				SDKROOT = iphoneos;
				SWIFT_ACTIVE_COMPILATION_CONDITIONS = DEBUG;
				SWIFT_OPTIMIZATION_LEVEL = "-Onone";
			};
			name = Debug;
		};
		7F212276274E58E5000CA762 /* Release */ = {
			isa = XCBuildConfiguration;
			buildSettings = {
				ALWAYS_SEARCH_USER_PATHS = NO;
				CLANG_ANALYZER_NONNULL = YES;
				CLANG_ANALYZER_NUMBER_OBJECT_CONVERSION = YES_AGGRESSIVE;
				CLANG_CXX_LANGUAGE_STANDARD = "gnu++17";
				CLANG_CXX_LIBRARY = "libc++";
				CLANG_ENABLE_MODULES = YES;
				CLANG_ENABLE_OBJC_ARC = YES;
				CLANG_ENABLE_OBJC_WEAK = YES;
				CLANG_WARN_BLOCK_CAPTURE_AUTORELEASING = YES;
				CLANG_WARN_BOOL_CONVERSION = YES;
				CLANG_WARN_COMMA = YES;
				CLANG_WARN_CONSTANT_CONVERSION = YES;
				CLANG_WARN_DEPRECATED_OBJC_IMPLEMENTATIONS = YES;
				CLANG_WARN_DIRECT_OBJC_ISA_USAGE = YES_ERROR;
				CLANG_WARN_DOCUMENTATION_COMMENTS = YES;
				CLANG_WARN_EMPTY_BODY = YES;
				CLANG_WARN_ENUM_CONVERSION = YES;
				CLANG_WARN_INFINITE_RECURSION = YES;
				CLANG_WARN_INT_CONVERSION = YES;
				CLANG_WARN_NON_LITERAL_NULL_CONVERSION = YES;
				CLANG_WARN_OBJC_IMPLICIT_RETAIN_SELF = YES;
				CLANG_WARN_OBJC_LITERAL_CONVERSION = YES;
				CLANG_WARN_OBJC_ROOT_CLASS = YES_ERROR;
				CLANG_WARN_QUOTED_INCLUDE_IN_FRAMEWORK_HEADER = YES;
				CLANG_WARN_RANGE_LOOP_ANALYSIS = YES;
				CLANG_WARN_STRICT_PROTOTYPES = YES;
				CLANG_WARN_SUSPICIOUS_MOVE = YES;
				CLANG_WARN_UNGUARDED_AVAILABILITY = YES_AGGRESSIVE;
				CLANG_WARN_UNREACHABLE_CODE = YES;
				CLANG_WARN__DUPLICATE_METHOD_MATCH = YES;
				COPY_PHASE_STRIP = NO;
				DEBUG_INFORMATION_FORMAT = "dwarf-with-dsym";
				ENABLE_NS_ASSERTIONS = NO;
				ENABLE_STRICT_OBJC_MSGSEND = YES;
				GCC_C_LANGUAGE_STANDARD = gnu11;
				GCC_NO_COMMON_BLOCKS = YES;
				GCC_WARN_64_TO_32_BIT_CONVERSION = YES;
				GCC_WARN_ABOUT_RETURN_TYPE = YES_ERROR;
				GCC_WARN_UNDECLARED_SELECTOR = YES;
				GCC_WARN_UNINITIALIZED_AUTOS = YES_AGGRESSIVE;
				GCC_WARN_UNUSED_FUNCTION = YES;
				GCC_WARN_UNUSED_VARIABLE = YES;
				IPHONEOS_DEPLOYMENT_TARGET = 15.0;
				MTL_ENABLE_DEBUG_INFO = NO;
				MTL_FAST_MATH = YES;
				SDKROOT = iphoneos;
				SWIFT_COMPILATION_MODE = wholemodule;
				SWIFT_OPTIMIZATION_LEVEL = "-O";
				VALIDATE_PRODUCT = YES;
			};
			name = Release;
		};
		7F212278274E58E5000CA762 /* Debug */ = {
			isa = XCBuildConfiguration;
			baseConfigurationReference = E6660BBD4CD1FC75EF29DA22 /* Pods-SlideMenuTest.debug.xcconfig */;
			buildSettings = {
				ASSETCATALOG_COMPILER_APPICON_NAME = AppIcon;
				ASSETCATALOG_COMPILER_GLOBAL_ACCENT_COLOR_NAME = AccentColor;
				CODE_SIGN_STYLE = Automatic;
				CURRENT_PROJECT_VERSION = 1;
				DEVELOPMENT_TEAM = 4XLWYATZ5P;
				GENERATE_INFOPLIST_FILE = YES;
				INFOPLIST_FILE = SlideMenuTest/Info.plist;
				INFOPLIST_KEY_UIApplicationSupportsIndirectInputEvents = YES;
				INFOPLIST_KEY_UILaunchStoryboardName = LaunchScreen;
				INFOPLIST_KEY_UIMainStoryboardFile = Main;
				INFOPLIST_KEY_UISupportedInterfaceOrientations_iPad = "UIInterfaceOrientationPortrait UIInterfaceOrientationPortraitUpsideDown UIInterfaceOrientationLandscapeLeft UIInterfaceOrientationLandscapeRight";
				INFOPLIST_KEY_UISupportedInterfaceOrientations_iPhone = "UIInterfaceOrientationPortrait UIInterfaceOrientationLandscapeLeft UIInterfaceOrientationLandscapeRight";
				LD_RUNPATH_SEARCH_PATHS = (
					"$(inherited)",
					"@executable_path/Frameworks",
				);
				MARKETING_VERSION = 1.0;
				PRODUCT_BUNDLE_IDENTIFIER = SlideMenuTest;
				PRODUCT_NAME = "$(TARGET_NAME)";
				SWIFT_EMIT_LOC_STRINGS = YES;
				SWIFT_VERSION = 5.0;
				TARGETED_DEVICE_FAMILY = "1,2";
			};
			name = Debug;
		};
		7F212279274E58E5000CA762 /* Release */ = {
			isa = XCBuildConfiguration;
			baseConfigurationReference = BA3487DA533E42BA36EACE6A /* Pods-SlideMenuTest.release.xcconfig */;
			buildSettings = {
				ASSETCATALOG_COMPILER_APPICON_NAME = AppIcon;
				ASSETCATALOG_COMPILER_GLOBAL_ACCENT_COLOR_NAME = AccentColor;
				CODE_SIGN_STYLE = Automatic;
				CURRENT_PROJECT_VERSION = 1;
				DEVELOPMENT_TEAM = 4XLWYATZ5P;
				GENERATE_INFOPLIST_FILE = YES;
				INFOPLIST_FILE = SlideMenuTest/Info.plist;
				INFOPLIST_KEY_UIApplicationSupportsIndirectInputEvents = YES;
				INFOPLIST_KEY_UILaunchStoryboardName = LaunchScreen;
				INFOPLIST_KEY_UIMainStoryboardFile = Main;
				INFOPLIST_KEY_UISupportedInterfaceOrientations_iPad = "UIInterfaceOrientationPortrait UIInterfaceOrientationPortraitUpsideDown UIInterfaceOrientationLandscapeLeft UIInterfaceOrientationLandscapeRight";
				INFOPLIST_KEY_UISupportedInterfaceOrientations_iPhone = "UIInterfaceOrientationPortrait UIInterfaceOrientationLandscapeLeft UIInterfaceOrientationLandscapeRight";
				LD_RUNPATH_SEARCH_PATHS = (
					"$(inherited)",
					"@executable_path/Frameworks",
				);
				MARKETING_VERSION = 1.0;
				PRODUCT_BUNDLE_IDENTIFIER = SlideMenuTest;
				PRODUCT_NAME = "$(TARGET_NAME)";
				SWIFT_EMIT_LOC_STRINGS = YES;
				SWIFT_VERSION = 5.0;
				TARGETED_DEVICE_FAMILY = "1,2";
			};
			name = Release;
		};
/* End XCBuildConfiguration section */

/* Begin XCConfigurationList section */
		7F21225E274E58E2000CA762 /* Build configuration list for PBXProject "SlideMenuTest" */ = {
			isa = XCConfigurationList;
			buildConfigurations = (
				7F212275274E58E5000CA762 /* Debug */,
				7F212276274E58E5000CA762 /* Release */,
			);
			defaultConfigurationIsVisible = 0;
			defaultConfigurationName = Release;
		};
		7F212277274E58E5000CA762 /* Build configuration list for PBXNativeTarget "SlideMenuTest" */ = {
			isa = XCConfigurationList;
			buildConfigurations = (
				7F212278274E58E5000CA762 /* Debug */,
				7F212279274E58E5000CA762 /* Release */,
			);
			defaultConfigurationIsVisible = 0;
			defaultConfigurationName = Release;
		};
/* End XCConfigurationList section */
	};
	rootObject = 7F21225B274E58E2000CA762 /* Project object */;
}
